// !$*UTF8*$!
{
	archiveVersion = 1;
	classes = {
	};
	objectVersion = 51;
	objects = {

/* Begin PBXBuildFile section */
		3B29A2623E336E0B05CA4B15 /* Pods_Healthy.framework in Frameworks */ = {isa = PBXBuildFile; fileRef = 533F8452ED2F5B750CB55F6C /* Pods_Healthy.framework */; };
		C2353DFC23BCE6200018A613 /* LayoutConstraints.swift in Sources */ = {isa = PBXBuildFile; fileRef = C2353DFB23BCE6200018A613 /* LayoutConstraints.swift */; };
		C2353E3823BE7DEE0018A613 /* UIViewController+Rx.swift in Sources */ = {isa = PBXBuildFile; fileRef = C2353E3723BE7DEE0018A613 /* UIViewController+Rx.swift */; };
		C2353E3A23BE80770018A613 /* AppDelegate.swift in Sources */ = {isa = PBXBuildFile; fileRef = C2353E3923BE80770018A613 /* AppDelegate.swift */; };
		C2353E4D23BF9C710018A613 /* VisitsViewController.swift in Sources */ = {isa = PBXBuildFile; fileRef = C2353E4C23BF9C710018A613 /* VisitsViewController.swift */; };
		C2353E4F23BF9C840018A613 /* MeasurementsViewController.swift in Sources */ = {isa = PBXBuildFile; fileRef = C2353E4E23BF9C840018A613 /* MeasurementsViewController.swift */; };
		C2353E5123BF9C940018A613 /* SettingsViewController.swift in Sources */ = {isa = PBXBuildFile; fileRef = C2353E5023BF9C940018A613 /* SettingsViewController.swift */; };
		C2353E5323BF9DD50018A613 /* SettingsCoordinator.swift in Sources */ = {isa = PBXBuildFile; fileRef = C2353E5223BF9DD50018A613 /* SettingsCoordinator.swift */; };
		C2353E5523BF9DEE0018A613 /* MeasurementsCoordinator.swift in Sources */ = {isa = PBXBuildFile; fileRef = C2353E5423BF9DEE0018A613 /* MeasurementsCoordinator.swift */; };
		C2353E5723BF9DFF0018A613 /* VisitsCoordinator.swift in Sources */ = {isa = PBXBuildFile; fileRef = C2353E5623BF9DFF0018A613 /* VisitsCoordinator.swift */; };
		C2353E5923BF9E1A0018A613 /* PillsListCoordinator.swift in Sources */ = {isa = PBXBuildFile; fileRef = C2353E5823BF9E1A0018A613 /* PillsListCoordinator.swift */; };
		C2353E6823BFA2C40018A613 /* MainTabBarViewController.swift in Sources */ = {isa = PBXBuildFile; fileRef = C2353E6723BFA2C40018A613 /* MainTabBarViewController.swift */; };
		C2353E6D23BFCC2E0018A613 /* MainCoordinator.swift in Sources */ = {isa = PBXBuildFile; fileRef = C2353E6C23BFCC2E0018A613 /* MainCoordinator.swift */; };
		C2353E6F23C0C1CD0018A613 /* PillsListViewController.swift in Sources */ = {isa = PBXBuildFile; fileRef = C2353E6E23C0C1CD0018A613 /* PillsListViewController.swift */; };
		C2353EB023C0D6E10018A613 /* SceneDelegate.swift in Sources */ = {isa = PBXBuildFile; fileRef = C2353EAF23C0D6E10018A613 /* SceneDelegate.swift */; };
		C2353EB323C0DE670018A613 /* AppCoordinator.swift in Sources */ = {isa = PBXBuildFile; fileRef = C2353EB223C0DE670018A613 /* AppCoordinator.swift */; };
		C2834E6B23C255F3005227D7 /* PillsListViewModel.swift in Sources */ = {isa = PBXBuildFile; fileRef = C2834E6A23C255F3005227D7 /* PillsListViewModel.swift */; };
		C2B60B6023C530C000F486F5 /* strings.swift in Sources */ = {isa = PBXBuildFile; fileRef = C2B60B5E23C530C000F486F5 /* strings.swift */; };
		C2B60B6123C530C000F486F5 /* assets.swift in Sources */ = {isa = PBXBuildFile; fileRef = C2B60B5F23C530C000F486F5 /* assets.swift */; };
		C2B60B9523C546B600F486F5 /* Localizable.strings in Resources */ = {isa = PBXBuildFile; fileRef = C2B60B9323C546B600F486F5 /* Localizable.strings */; };
		C2B60B9A23C5503300F486F5 /* .swiftlint.yml in Resources */ = {isa = PBXBuildFile; fileRef = C2B60B9923C5503300F486F5 /* .swiftlint.yml */; };
		C2F4710723BB3314005D0FCB /* Assets.xcassets in Resources */ = {isa = PBXBuildFile; fileRef = C2F4710623BB3314005D0FCB /* Assets.xcassets */; };
		C2F4710A23BB3314005D0FCB /* LaunchScreen.storyboard in Resources */ = {isa = PBXBuildFile; fileRef = C2F4710823BB3314005D0FCB /* LaunchScreen.storyboard */; };
		C2F4711523BB3315005D0FCB /* HealthyTests.swift in Sources */ = {isa = PBXBuildFile; fileRef = C2F4711423BB3315005D0FCB /* HealthyTests.swift */; };
		C2F4712023BB3315005D0FCB /* HealthyUITests.swift in Sources */ = {isa = PBXBuildFile; fileRef = C2F4711F23BB3315005D0FCB /* HealthyUITests.swift */; };
		C2F4747A23BB4991005D0FCB /* ModuleViewModel.swift in Sources */ = {isa = PBXBuildFile; fileRef = C2F4747923BB4991005D0FCB /* ModuleViewModel.swift */; };
		C2F4747D23BB49B3005D0FCB /* ModuleView.swift in Sources */ = {isa = PBXBuildFile; fileRef = C2F4747C23BB49B3005D0FCB /* ModuleView.swift */; };
		C2F4748123BB4A0A005D0FCB /* Date+Extensions.swift in Sources */ = {isa = PBXBuildFile; fileRef = C2F4748023BB4A0A005D0FCB /* Date+Extensions.swift */; };
		C2F4748323BB4A1A005D0FCB /* Dictionary+Extensions.swift in Sources */ = {isa = PBXBuildFile; fileRef = C2F4748223BB4A1A005D0FCB /* Dictionary+Extensions.swift */; };
		C2F4748523BB4A2E005D0FCB /* NSRecursiveLock+Extensions.swift in Sources */ = {isa = PBXBuildFile; fileRef = C2F4748423BB4A2E005D0FCB /* NSRecursiveLock+Extensions.swift */; };
		C2F4748A23BB4A66005D0FCB /* Disposable+DisposedWith.swift in Sources */ = {isa = PBXBuildFile; fileRef = C2F4748923BB4A66005D0FCB /* Disposable+DisposedWith.swift */; };
		C2F4748C23BB4A77005D0FCB /* ObservableType+AdditionalOperators.swift in Sources */ = {isa = PBXBuildFile; fileRef = C2F4748B23BB4A77005D0FCB /* ObservableType+AdditionalOperators.swift */; };
		C2F4748E23BB4A90005D0FCB /* ObservableType+Errors.swift in Sources */ = {isa = PBXBuildFile; fileRef = C2F4748D23BB4A90005D0FCB /* ObservableType+Errors.swift */; };
		C2F4749023BB4AAB005D0FCB /* PrimitiveSequence+AdditionalOperators.swift in Sources */ = {isa = PBXBuildFile; fileRef = C2F4748F23BB4AAB005D0FCB /* PrimitiveSequence+AdditionalOperators.swift */; };
		C2F4749223BB4AC3005D0FCB /* SharedSequence+AdditionalOperators.swift in Sources */ = {isa = PBXBuildFile; fileRef = C2F4749123BB4AC3005D0FCB /* SharedSequence+AdditionalOperators.swift */; };
		C2F4749523BB4AF2005D0FCB /* Optional+Unwrap.swift in Sources */ = {isa = PBXBuildFile; fileRef = C2F4749423BB4AF2005D0FCB /* Optional+Unwrap.swift */; };
		C2F4749823BB4B62005D0FCB /* Router+Rx.swift in Sources */ = {isa = PBXBuildFile; fileRef = C2F4749723BB4B62005D0FCB /* Router+Rx.swift */; };
		C2F4749F23BB4C82005D0FCB /* JSON.swift in Sources */ = {isa = PBXBuildFile; fileRef = C2F4749E23BB4C82005D0FCB /* JSON.swift */; };
		C2F474A123BB4CA4005D0FCB /* Routines.swift in Sources */ = {isa = PBXBuildFile; fileRef = C2F474A023BB4CA4005D0FCB /* Routines.swift */; };
		DFF535AAFA6F3D7FF75A6C9A /* Pods_Healthy_HealthyUITests.framework in Frameworks */ = {isa = PBXBuildFile; fileRef = 9B45A8CC9A31FD370AC7BF49 /* Pods_Healthy_HealthyUITests.framework */; };
		F5BE8C7EE55C386DCC19C8B1 /* Pods_HealthyTests.framework in Frameworks */ = {isa = PBXBuildFile; fileRef = F55C7D5EA82450B44343AA6A /* Pods_HealthyTests.framework */; };
/* End PBXBuildFile section */

/* Begin PBXContainerItemProxy section */
		C2F4711123BB3315005D0FCB /* PBXContainerItemProxy */ = {
			isa = PBXContainerItemProxy;
			containerPortal = C2F470F223BB3314005D0FCB /* Project object */;
			proxyType = 1;
			remoteGlobalIDString = C2F470F923BB3314005D0FCB;
			remoteInfo = Healthy;
		};
		C2F4711C23BB3315005D0FCB /* PBXContainerItemProxy */ = {
			isa = PBXContainerItemProxy;
			containerPortal = C2F470F223BB3314005D0FCB /* Project object */;
			proxyType = 1;
			remoteGlobalIDString = C2F470F923BB3314005D0FCB;
			remoteInfo = Healthy;
		};
/* End PBXContainerItemProxy section */

/* Begin PBXFileReference section */
		533F8452ED2F5B750CB55F6C /* Pods_Healthy.framework */ = {isa = PBXFileReference; explicitFileType = wrapper.framework; includeInIndex = 0; path = Pods_Healthy.framework; sourceTree = BUILT_PRODUCTS_DIR; };
		9481B1FCBE89411C49F3D7EA /* Pods-Healthy.debug.xcconfig */ = {isa = PBXFileReference; includeInIndex = 1; lastKnownFileType = text.xcconfig; name = "Pods-Healthy.debug.xcconfig"; path = "Target Support Files/Pods-Healthy/Pods-Healthy.debug.xcconfig"; sourceTree = "<group>"; };
		9B45A8CC9A31FD370AC7BF49 /* Pods_Healthy_HealthyUITests.framework */ = {isa = PBXFileReference; explicitFileType = wrapper.framework; includeInIndex = 0; path = Pods_Healthy_HealthyUITests.framework; sourceTree = BUILT_PRODUCTS_DIR; };
		9ED2718238E91E363B24DF5D /* Pods-Healthy-HealthyUITests.release.xcconfig */ = {isa = PBXFileReference; includeInIndex = 1; lastKnownFileType = text.xcconfig; name = "Pods-Healthy-HealthyUITests.release.xcconfig"; path = "Target Support Files/Pods-Healthy-HealthyUITests/Pods-Healthy-HealthyUITests.release.xcconfig"; sourceTree = "<group>"; };
		A6EA3FCB0DBCB88FF8A42DB5 /* Pods-HealthyTests.debug.xcconfig */ = {isa = PBXFileReference; includeInIndex = 1; lastKnownFileType = text.xcconfig; name = "Pods-HealthyTests.debug.xcconfig"; path = "Target Support Files/Pods-HealthyTests/Pods-HealthyTests.debug.xcconfig"; sourceTree = "<group>"; };
		BAF9DACDB607D9AB895BA11E /* Pods-Healthy.release.xcconfig */ = {isa = PBXFileReference; includeInIndex = 1; lastKnownFileType = text.xcconfig; name = "Pods-Healthy.release.xcconfig"; path = "Target Support Files/Pods-Healthy/Pods-Healthy.release.xcconfig"; sourceTree = "<group>"; };
		C2353DFB23BCE6200018A613 /* LayoutConstraints.swift */ = {isa = PBXFileReference; lastKnownFileType = sourcecode.swift; path = LayoutConstraints.swift; sourceTree = "<group>"; };
		C2353E3723BE7DEE0018A613 /* UIViewController+Rx.swift */ = {isa = PBXFileReference; lastKnownFileType = sourcecode.swift; path = "UIViewController+Rx.swift"; sourceTree = "<group>"; };
		C2353E3923BE80770018A613 /* AppDelegate.swift */ = {isa = PBXFileReference; lastKnownFileType = sourcecode.swift; path = AppDelegate.swift; sourceTree = "<group>"; };
		C2353E4C23BF9C710018A613 /* VisitsViewController.swift */ = {isa = PBXFileReference; lastKnownFileType = sourcecode.swift; path = VisitsViewController.swift; sourceTree = "<group>"; };
		C2353E4E23BF9C840018A613 /* MeasurementsViewController.swift */ = {isa = PBXFileReference; lastKnownFileType = sourcecode.swift; path = MeasurementsViewController.swift; sourceTree = "<group>"; };
		C2353E5023BF9C940018A613 /* SettingsViewController.swift */ = {isa = PBXFileReference; lastKnownFileType = sourcecode.swift; path = SettingsViewController.swift; sourceTree = "<group>"; };
		C2353E5223BF9DD50018A613 /* SettingsCoordinator.swift */ = {isa = PBXFileReference; lastKnownFileType = sourcecode.swift; path = SettingsCoordinator.swift; sourceTree = "<group>"; };
		C2353E5423BF9DEE0018A613 /* MeasurementsCoordinator.swift */ = {isa = PBXFileReference; lastKnownFileType = sourcecode.swift; path = MeasurementsCoordinator.swift; sourceTree = "<group>"; };
		C2353E5623BF9DFF0018A613 /* VisitsCoordinator.swift */ = {isa = PBXFileReference; lastKnownFileType = sourcecode.swift; path = VisitsCoordinator.swift; sourceTree = "<group>"; };
		C2353E5823BF9E1A0018A613 /* PillsListCoordinator.swift */ = {isa = PBXFileReference; lastKnownFileType = sourcecode.swift; path = PillsListCoordinator.swift; sourceTree = "<group>"; };
		C2353E6723BFA2C40018A613 /* MainTabBarViewController.swift */ = {isa = PBXFileReference; lastKnownFileType = sourcecode.swift; path = MainTabBarViewController.swift; sourceTree = "<group>"; };
		C2353E6C23BFCC2E0018A613 /* MainCoordinator.swift */ = {isa = PBXFileReference; lastKnownFileType = sourcecode.swift; path = MainCoordinator.swift; sourceTree = "<group>"; };
		C2353E6E23C0C1CD0018A613 /* PillsListViewController.swift */ = {isa = PBXFileReference; lastKnownFileType = sourcecode.swift; path = PillsListViewController.swift; sourceTree = "<group>"; };
		C2353EAF23C0D6E10018A613 /* SceneDelegate.swift */ = {isa = PBXFileReference; lastKnownFileType = sourcecode.swift; path = SceneDelegate.swift; sourceTree = "<group>"; };
		C2353EB223C0DE670018A613 /* AppCoordinator.swift */ = {isa = PBXFileReference; lastKnownFileType = sourcecode.swift; path = AppCoordinator.swift; sourceTree = "<group>"; };
		C2834E6A23C255F3005227D7 /* PillsListViewModel.swift */ = {isa = PBXFileReference; lastKnownFileType = sourcecode.swift; path = PillsListViewModel.swift; sourceTree = "<group>"; };
		C2B60B5D23C52CE800F486F5 /* swiftgen.yml */ = {isa = PBXFileReference; lastKnownFileType = text.yaml; path = swiftgen.yml; sourceTree = "<group>"; };
		C2B60B5E23C530C000F486F5 /* strings.swift */ = {isa = PBXFileReference; fileEncoding = 4; lastKnownFileType = sourcecode.swift; path = strings.swift; sourceTree = "<group>"; };
		C2B60B5F23C530C000F486F5 /* assets.swift */ = {isa = PBXFileReference; fileEncoding = 4; lastKnownFileType = sourcecode.swift; path = assets.swift; sourceTree = "<group>"; };
		C2B60B8823C544B600F486F5 /* Base */ = {isa = PBXFileReference; lastKnownFileType = file.storyboard; name = Base; path = Base.lproj/LaunchScreen.storyboard; sourceTree = "<group>"; };
		C2B60B9423C546B600F486F5 /* Base */ = {isa = PBXFileReference; lastKnownFileType = text.plist.strings; name = Base; path = Base.lproj/Localizable.strings; sourceTree = "<group>"; };
		C2B60B9623C546EA00F486F5 /* ru */ = {isa = PBXFileReference; lastKnownFileType = text.plist.strings; name = ru; path = ru.lproj/Localizable.strings; sourceTree = "<group>"; };
		C2B60B9923C5503300F486F5 /* .swiftlint.yml */ = {isa = PBXFileReference; lastKnownFileType = text.yaml; path = .swiftlint.yml; sourceTree = "<group>"; };
		C2F470FA23BB3314005D0FCB /* Healthy.app */ = {isa = PBXFileReference; explicitFileType = wrapper.application; includeInIndex = 0; path = Healthy.app; sourceTree = BUILT_PRODUCTS_DIR; };
		C2F4710623BB3314005D0FCB /* Assets.xcassets */ = {isa = PBXFileReference; lastKnownFileType = folder.assetcatalog; path = Assets.xcassets; sourceTree = "<group>"; };
		C2F4710B23BB3314005D0FCB /* Info.plist */ = {isa = PBXFileReference; lastKnownFileType = text.plist.xml; path = Info.plist; sourceTree = "<group>"; };
		C2F4711023BB3315005D0FCB /* HealthyTests.xctest */ = {isa = PBXFileReference; explicitFileType = wrapper.cfbundle; includeInIndex = 0; path = HealthyTests.xctest; sourceTree = BUILT_PRODUCTS_DIR; };
		C2F4711423BB3315005D0FCB /* HealthyTests.swift */ = {isa = PBXFileReference; lastKnownFileType = sourcecode.swift; path = HealthyTests.swift; sourceTree = "<group>"; };
		C2F4711623BB3315005D0FCB /* Info.plist */ = {isa = PBXFileReference; lastKnownFileType = text.plist.xml; path = Info.plist; sourceTree = "<group>"; };
		C2F4711B23BB3315005D0FCB /* HealthyUITests.xctest */ = {isa = PBXFileReference; explicitFileType = wrapper.cfbundle; includeInIndex = 0; path = HealthyUITests.xctest; sourceTree = BUILT_PRODUCTS_DIR; };
		C2F4711F23BB3315005D0FCB /* HealthyUITests.swift */ = {isa = PBXFileReference; lastKnownFileType = sourcecode.swift; path = HealthyUITests.swift; sourceTree = "<group>"; };
		C2F4712123BB3315005D0FCB /* Info.plist */ = {isa = PBXFileReference; lastKnownFileType = text.plist.xml; path = Info.plist; sourceTree = "<group>"; };
		C2F4747923BB4991005D0FCB /* ModuleViewModel.swift */ = {isa = PBXFileReference; lastKnownFileType = sourcecode.swift; path = ModuleViewModel.swift; sourceTree = "<group>"; };
		C2F4747C23BB49B3005D0FCB /* ModuleView.swift */ = {isa = PBXFileReference; lastKnownFileType = sourcecode.swift; path = ModuleView.swift; sourceTree = "<group>"; };
		C2F4748023BB4A0A005D0FCB /* Date+Extensions.swift */ = {isa = PBXFileReference; lastKnownFileType = sourcecode.swift; path = "Date+Extensions.swift"; sourceTree = "<group>"; };
		C2F4748223BB4A1A005D0FCB /* Dictionary+Extensions.swift */ = {isa = PBXFileReference; lastKnownFileType = sourcecode.swift; path = "Dictionary+Extensions.swift"; sourceTree = "<group>"; };
		C2F4748423BB4A2E005D0FCB /* NSRecursiveLock+Extensions.swift */ = {isa = PBXFileReference; lastKnownFileType = sourcecode.swift; path = "NSRecursiveLock+Extensions.swift"; sourceTree = "<group>"; };
		C2F4748923BB4A66005D0FCB /* Disposable+DisposedWith.swift */ = {isa = PBXFileReference; lastKnownFileType = sourcecode.swift; path = "Disposable+DisposedWith.swift"; sourceTree = "<group>"; };
		C2F4748B23BB4A77005D0FCB /* ObservableType+AdditionalOperators.swift */ = {isa = PBXFileReference; lastKnownFileType = sourcecode.swift; path = "ObservableType+AdditionalOperators.swift"; sourceTree = "<group>"; };
		C2F4748D23BB4A90005D0FCB /* ObservableType+Errors.swift */ = {isa = PBXFileReference; lastKnownFileType = sourcecode.swift; path = "ObservableType+Errors.swift"; sourceTree = "<group>"; };
		C2F4748F23BB4AAB005D0FCB /* PrimitiveSequence+AdditionalOperators.swift */ = {isa = PBXFileReference; lastKnownFileType = sourcecode.swift; path = "PrimitiveSequence+AdditionalOperators.swift"; sourceTree = "<group>"; };
		C2F4749123BB4AC3005D0FCB /* SharedSequence+AdditionalOperators.swift */ = {isa = PBXFileReference; lastKnownFileType = sourcecode.swift; path = "SharedSequence+AdditionalOperators.swift"; sourceTree = "<group>"; };
		C2F4749423BB4AF2005D0FCB /* Optional+Unwrap.swift */ = {isa = PBXFileReference; lastKnownFileType = sourcecode.swift; path = "Optional+Unwrap.swift"; sourceTree = "<group>"; };
		C2F4749723BB4B62005D0FCB /* Router+Rx.swift */ = {isa = PBXFileReference; lastKnownFileType = sourcecode.swift; path = "Router+Rx.swift"; sourceTree = "<group>"; };
		C2F4749E23BB4C82005D0FCB /* JSON.swift */ = {isa = PBXFileReference; lastKnownFileType = sourcecode.swift; path = JSON.swift; sourceTree = "<group>"; };
		C2F474A023BB4CA4005D0FCB /* Routines.swift */ = {isa = PBXFileReference; lastKnownFileType = sourcecode.swift; path = Routines.swift; sourceTree = "<group>"; };
		D56B2CADE8E7C7843A4D3C75 /* Pods-HealthyTests.release.xcconfig */ = {isa = PBXFileReference; includeInIndex = 1; lastKnownFileType = text.xcconfig; name = "Pods-HealthyTests.release.xcconfig"; path = "Target Support Files/Pods-HealthyTests/Pods-HealthyTests.release.xcconfig"; sourceTree = "<group>"; };
		E0429E23E55BE4558AA4F9C2 /* Pods-Healthy-HealthyUITests.debug.xcconfig */ = {isa = PBXFileReference; includeInIndex = 1; lastKnownFileType = text.xcconfig; name = "Pods-Healthy-HealthyUITests.debug.xcconfig"; path = "Target Support Files/Pods-Healthy-HealthyUITests/Pods-Healthy-HealthyUITests.debug.xcconfig"; sourceTree = "<group>"; };
		F55C7D5EA82450B44343AA6A /* Pods_HealthyTests.framework */ = {isa = PBXFileReference; explicitFileType = wrapper.framework; includeInIndex = 0; path = Pods_HealthyTests.framework; sourceTree = BUILT_PRODUCTS_DIR; };
/* End PBXFileReference section */

/* Begin PBXFrameworksBuildPhase section */
		C2F470F723BB3314005D0FCB /* Frameworks */ = {
			isa = PBXFrameworksBuildPhase;
			buildActionMask = 2147483647;
			files = (
				3B29A2623E336E0B05CA4B15 /* Pods_Healthy.framework in Frameworks */,
			);
			runOnlyForDeploymentPostprocessing = 0;
		};
		C2F4710D23BB3315005D0FCB /* Frameworks */ = {
			isa = PBXFrameworksBuildPhase;
			buildActionMask = 2147483647;
			files = (
				F5BE8C7EE55C386DCC19C8B1 /* Pods_HealthyTests.framework in Frameworks */,
			);
			runOnlyForDeploymentPostprocessing = 0;
		};
		C2F4711823BB3315005D0FCB /* Frameworks */ = {
			isa = PBXFrameworksBuildPhase;
			buildActionMask = 2147483647;
			files = (
				DFF535AAFA6F3D7FF75A6C9A /* Pods_Healthy_HealthyUITests.framework in Frameworks */,
			);
			runOnlyForDeploymentPostprocessing = 0;
		};
/* End PBXFrameworksBuildPhase section */

/* Begin PBXGroup section */
		30F57819DFB427898192BA34 /* Frameworks */ = {
			isa = PBXGroup;
			children = (
				533F8452ED2F5B750CB55F6C /* Pods_Healthy.framework */,
				9B45A8CC9A31FD370AC7BF49 /* Pods_Healthy_HealthyUITests.framework */,
				F55C7D5EA82450B44343AA6A /* Pods_HealthyTests.framework */,
			);
			name = Frameworks;
			sourceTree = "<group>";
		};
		99601F602685D5B445D0DD6B /* Pods */ = {
			isa = PBXGroup;
			children = (
				9481B1FCBE89411C49F3D7EA /* Pods-Healthy.debug.xcconfig */,
				BAF9DACDB607D9AB895BA11E /* Pods-Healthy.release.xcconfig */,
				E0429E23E55BE4558AA4F9C2 /* Pods-Healthy-HealthyUITests.debug.xcconfig */,
				9ED2718238E91E363B24DF5D /* Pods-Healthy-HealthyUITests.release.xcconfig */,
				A6EA3FCB0DBCB88FF8A42DB5 /* Pods-HealthyTests.debug.xcconfig */,
				D56B2CADE8E7C7843A4D3C75 /* Pods-HealthyTests.release.xcconfig */,
			);
			path = Pods;
			sourceTree = "<group>";
		};
		C2353DFD23BCF1F40018A613 /* Scenes */ = {
			isa = PBXGroup;
			children = (
				C2353EB123C0DE590018A613 /* App */,
				C2353E6623BFA2260018A613 /* TabController */,
				C2353E4923BF9C270018A613 /* Settings */,
				C2353E4823BF9C1B0018A613 /* Measurements */,
				C2353E4723BF9BF40018A613 /* Visits */,
				C2353E4623BF9BAD0018A613 /* PillsList */,
			);
			path = Scenes;
			sourceTree = "<group>";
		};
		C2353E4623BF9BAD0018A613 /* PillsList */ = {
			isa = PBXGroup;
			children = (
				C2353E5823BF9E1A0018A613 /* PillsListCoordinator.swift */,
				C2353E6E23C0C1CD0018A613 /* PillsListViewController.swift */,
				C2834E6A23C255F3005227D7 /* PillsListViewModel.swift */,
			);
			path = PillsList;
			sourceTree = "<group>";
		};
		C2353E4723BF9BF40018A613 /* Visits */ = {
			isa = PBXGroup;
			children = (
				C2353E5623BF9DFF0018A613 /* VisitsCoordinator.swift */,
				C2353E4C23BF9C710018A613 /* VisitsViewController.swift */,
			);
			path = Visits;
			sourceTree = "<group>";
		};
		C2353E4823BF9C1B0018A613 /* Measurements */ = {
			isa = PBXGroup;
			children = (
				C2353E5423BF9DEE0018A613 /* MeasurementsCoordinator.swift */,
				C2353E4E23BF9C840018A613 /* MeasurementsViewController.swift */,
			);
			path = Measurements;
			sourceTree = "<group>";
		};
		C2353E4923BF9C270018A613 /* Settings */ = {
			isa = PBXGroup;
			children = (
				C2353E5023BF9C940018A613 /* SettingsViewController.swift */,
				C2353E5223BF9DD50018A613 /* SettingsCoordinator.swift */,
			);
			path = Settings;
			sourceTree = "<group>";
		};
		C2353E6623BFA2260018A613 /* TabController */ = {
			isa = PBXGroup;
			children = (
				C2353E6C23BFCC2E0018A613 /* MainCoordinator.swift */,
				C2353E6723BFA2C40018A613 /* MainTabBarViewController.swift */,
			);
			path = TabController;
			sourceTree = "<group>";
		};
		C2353EB123C0DE590018A613 /* App */ = {
			isa = PBXGroup;
			children = (
				C2353EB223C0DE670018A613 /* AppCoordinator.swift */,
			);
			path = App;
			sourceTree = "<group>";
		};
		C2B60B5B23C525CD00F486F5 /* SwiftGen */ = {
			isa = PBXGroup;
			children = (
				C2B60B5F23C530C000F486F5 /* assets.swift */,
				C2B60B5E23C530C000F486F5 /* strings.swift */,
			);
			path = SwiftGen;
			sourceTree = "<group>";
		};
		C2F470F123BB3314005D0FCB = {
			isa = PBXGroup;
			children = (
				C2B60B9923C5503300F486F5 /* .swiftlint.yml */,
				C2B60B5D23C52CE800F486F5 /* swiftgen.yml */,
				C2F470FC23BB3314005D0FCB /* Healthy */,
				C2F4711323BB3315005D0FCB /* HealthyTests */,
				C2F4711E23BB3315005D0FCB /* HealthyUITests */,
				C2F470FB23BB3314005D0FCB /* Products */,
				99601F602685D5B445D0DD6B /* Pods */,
				30F57819DFB427898192BA34 /* Frameworks */,
			);
			sourceTree = "<group>";
		};
		C2F470FB23BB3314005D0FCB /* Products */ = {
			isa = PBXGroup;
			children = (
				C2F470FA23BB3314005D0FCB /* Healthy.app */,
				C2F4711023BB3315005D0FCB /* HealthyTests.xctest */,
				C2F4711B23BB3315005D0FCB /* HealthyUITests.xctest */,
			);
			name = Products;
			sourceTree = "<group>";
		};
		C2F470FC23BB3314005D0FCB /* Healthy */ = {
			isa = PBXGroup;
			children = (
				C2F4712F23BB42AB005D0FCB /* Sources */,
				C2F4712E23BB428C005D0FCB /* Supporting Files */,
				C2F4712D23BB4248005D0FCB /* Resources */,
				C2353E3923BE80770018A613 /* AppDelegate.swift */,
				C2353EAF23C0D6E10018A613 /* SceneDelegate.swift */,
			);
			path = Healthy;
			sourceTree = "<group>";
		};
		C2F4711323BB3315005D0FCB /* HealthyTests */ = {
			isa = PBXGroup;
			children = (
				C2F4711423BB3315005D0FCB /* HealthyTests.swift */,
				C2F4711623BB3315005D0FCB /* Info.plist */,
			);
			path = HealthyTests;
			sourceTree = "<group>";
		};
		C2F4711E23BB3315005D0FCB /* HealthyUITests */ = {
			isa = PBXGroup;
			children = (
				C2F4711F23BB3315005D0FCB /* HealthyUITests.swift */,
				C2F4712123BB3315005D0FCB /* Info.plist */,
			);
			path = HealthyUITests;
			sourceTree = "<group>";
		};
		C2F4712D23BB4248005D0FCB /* Resources */ = {
			isa = PBXGroup;
			children = (
				C2B60B5B23C525CD00F486F5 /* SwiftGen */,
				C2F4710623BB3314005D0FCB /* Assets.xcassets */,
				C2F4710823BB3314005D0FCB /* LaunchScreen.storyboard */,
				C2B60B9323C546B600F486F5 /* Localizable.strings */,
			);
			path = Resources;
			sourceTree = "<group>";
		};
		C2F4712E23BB428C005D0FCB /* Supporting Files */ = {
			isa = PBXGroup;
			children = (
				C2F4710B23BB3314005D0FCB /* Info.plist */,
			);
			path = "Supporting Files";
			sourceTree = "<group>";
		};
		C2F4712F23BB42AB005D0FCB /* Sources */ = {
			isa = PBXGroup;
			children = (
				C2353DFD23BCF1F40018A613 /* Scenes */,
				C2F474A223BB4CCD005D0FCB /* Services */,
				C2F4749B23BB4C4D005D0FCB /* Helpers */,
				C2F4747E23BB49E9005D0FCB /* Extensions */,
				C2F4746323BB483D005D0FCB /* Architecture */,
			);
			path = Sources;
			sourceTree = "<group>";
		};
		C2F4746323BB483D005D0FCB /* Architecture */ = {
			isa = PBXGroup;
			children = (
				C2F4746D23BB4910005D0FCB /* UIModule */,
			);
			path = Architecture;
			sourceTree = "<group>";
		};
		C2F4746D23BB4910005D0FCB /* UIModule */ = {
			isa = PBXGroup;
			children = (
				C2F4747B23BB49A8005D0FCB /* View */,
				C2F4747823BB4984005D0FCB /* ViewModel */,
			);
			path = UIModule;
			sourceTree = "<group>";
		};
		C2F4747823BB4984005D0FCB /* ViewModel */ = {
			isa = PBXGroup;
			children = (
				C2F4747923BB4991005D0FCB /* ModuleViewModel.swift */,
			);
			path = ViewModel;
			sourceTree = "<group>";
		};
		C2F4747B23BB49A8005D0FCB /* View */ = {
			isa = PBXGroup;
			children = (
				C2F4747C23BB49B3005D0FCB /* ModuleView.swift */,
			);
			path = View;
			sourceTree = "<group>";
		};
		C2F4747E23BB49E9005D0FCB /* Extensions */ = {
			isa = PBXGroup;
			children = (
				C2F4749623BB4B53005D0FCB /* XCoordinator */,
				C2F4749323BB4ADD005D0FCB /* Swift */,
				C2F4748623BB4A43005D0FCB /* Reactive */,
				C2F4747F23BB49F9005D0FCB /* Foundation */,
			);
			path = Extensions;
			sourceTree = "<group>";
		};
		C2F4747F23BB49F9005D0FCB /* Foundation */ = {
			isa = PBXGroup;
			children = (
				C2F4748023BB4A0A005D0FCB /* Date+Extensions.swift */,
				C2F4748223BB4A1A005D0FCB /* Dictionary+Extensions.swift */,
				C2F4748423BB4A2E005D0FCB /* NSRecursiveLock+Extensions.swift */,
			);
			path = Foundation;
			sourceTree = "<group>";
		};
		C2F4748623BB4A43005D0FCB /* Reactive */ = {
			isa = PBXGroup;
			children = (
				C2F4748923BB4A66005D0FCB /* Disposable+DisposedWith.swift */,
				C2F4748B23BB4A77005D0FCB /* ObservableType+AdditionalOperators.swift */,
				C2F4748D23BB4A90005D0FCB /* ObservableType+Errors.swift */,
				C2F4748F23BB4AAB005D0FCB /* PrimitiveSequence+AdditionalOperators.swift */,
				C2F4749123BB4AC3005D0FCB /* SharedSequence+AdditionalOperators.swift */,
				C2353E3723BE7DEE0018A613 /* UIViewController+Rx.swift */,
			);
			path = Reactive;
			sourceTree = "<group>";
		};
		C2F4749323BB4ADD005D0FCB /* Swift */ = {
			isa = PBXGroup;
			children = (
				C2F4749423BB4AF2005D0FCB /* Optional+Unwrap.swift */,
			);
			path = Swift;
			sourceTree = "<group>";
		};
		C2F4749623BB4B53005D0FCB /* XCoordinator */ = {
			isa = PBXGroup;
			children = (
				C2F4749723BB4B62005D0FCB /* Router+Rx.swift */,
			);
			path = XCoordinator;
			sourceTree = "<group>";
		};
		C2F4749B23BB4C4D005D0FCB /* Helpers */ = {
			isa = PBXGroup;
			children = (
				C2F4749E23BB4C82005D0FCB /* JSON.swift */,
				C2F474A023BB4CA4005D0FCB /* Routines.swift */,
				C2353DFB23BCE6200018A613 /* LayoutConstraints.swift */,
			);
			path = Helpers;
			sourceTree = "<group>";
		};
		C2F474A223BB4CCD005D0FCB /* Services */ = {
			isa = PBXGroup;
			children = (
			);
			path = Services;
			sourceTree = "<group>";
		};
/* End PBXGroup section */

/* Begin PBXNativeTarget section */
		C2F470F923BB3314005D0FCB /* Healthy */ = {
			isa = PBXNativeTarget;
			buildConfigurationList = C2F4712423BB3315005D0FCB /* Build configuration list for PBXNativeTarget "Healthy" */;
			buildPhases = (
				C2B60B5C23C5282200F486F5 /* ShellScript */,
				2DA006FAB89E89B9E227CCA0 /* [CP] Check Pods Manifest.lock */,
				C2F470F623BB3314005D0FCB /* Sources */,
				C2F470F723BB3314005D0FCB /* Frameworks */,
				C2F470F823BB3314005D0FCB /* Resources */,
				AD69719C3B50947D2E193C84 /* [CP] Embed Pods Frameworks */,
			);
			buildRules = (
			);
			dependencies = (
			);
			name = Healthy;
			productName = Healthy;
			productReference = C2F470FA23BB3314005D0FCB /* Healthy.app */;
			productType = "com.apple.product-type.application";
		};
		C2F4710F23BB3315005D0FCB /* HealthyTests */ = {
			isa = PBXNativeTarget;
			buildConfigurationList = C2F4712723BB3315005D0FCB /* Build configuration list for PBXNativeTarget "HealthyTests" */;
			buildPhases = (
				DBBD33E2DD882F007AE57C41 /* [CP] Check Pods Manifest.lock */,
				C2F4710C23BB3315005D0FCB /* Sources */,
				C2F4710D23BB3315005D0FCB /* Frameworks */,
				C2F4710E23BB3315005D0FCB /* Resources */,
				FBF4DBA1070BD6F341376DB1 /* [CP] Embed Pods Frameworks */,
			);
			buildRules = (
			);
			dependencies = (
				C2F4711223BB3315005D0FCB /* PBXTargetDependency */,
			);
			name = HealthyTests;
			productName = HealthyTests;
			productReference = C2F4711023BB3315005D0FCB /* HealthyTests.xctest */;
			productType = "com.apple.product-type.bundle.unit-test";
		};
		C2F4711A23BB3315005D0FCB /* HealthyUITests */ = {
			isa = PBXNativeTarget;
			buildConfigurationList = C2F4712A23BB3315005D0FCB /* Build configuration list for PBXNativeTarget "HealthyUITests" */;
			buildPhases = (
				BF66A17FC2C05CD34BCE679E /* [CP] Check Pods Manifest.lock */,
				C2F4711723BB3315005D0FCB /* Sources */,
				C2F4711823BB3315005D0FCB /* Frameworks */,
				C2F4711923BB3315005D0FCB /* Resources */,
				1BEED08314CED0F5781FF60C /* [CP] Embed Pods Frameworks */,
			);
			buildRules = (
			);
			dependencies = (
				C2F4711D23BB3315005D0FCB /* PBXTargetDependency */,
			);
			name = HealthyUITests;
			productName = HealthyUITests;
			productReference = C2F4711B23BB3315005D0FCB /* HealthyUITests.xctest */;
			productType = "com.apple.product-type.bundle.ui-testing";
		};
/* End PBXNativeTarget section */

/* Begin PBXProject section */
		C2F470F223BB3314005D0FCB /* Project object */ = {
			isa = PBXProject;
			attributes = {
				LastSwiftUpdateCheck = 1130;
				LastUpgradeCheck = 1130;
				ORGANIZATIONNAME = "Lipadat Evgeniy";
				TargetAttributes = {
					C2F470F923BB3314005D0FCB = {
						CreatedOnToolsVersion = 11.3;
						LastSwiftMigration = 1130;
					};
					C2F4710F23BB3315005D0FCB = {
						CreatedOnToolsVersion = 11.3;
						TestTargetID = C2F470F923BB3314005D0FCB;
					};
					C2F4711A23BB3315005D0FCB = {
						CreatedOnToolsVersion = 11.3;
						TestTargetID = C2F470F923BB3314005D0FCB;
					};
				};
			};
			buildConfigurationList = C2F470F523BB3314005D0FCB /* Build configuration list for PBXProject "Healthy" */;
			compatibilityVersion = "Xcode 9.3";
			developmentRegion = en;
			hasScannedForEncodings = 0;
			knownRegions = (
				en,
				Base,
				ru,
			);
			mainGroup = C2F470F123BB3314005D0FCB;
			productRefGroup = C2F470FB23BB3314005D0FCB /* Products */;
			projectDirPath = "";
			projectRoot = "";
			targets = (
				C2F470F923BB3314005D0FCB /* Healthy */,
				C2F4710F23BB3315005D0FCB /* HealthyTests */,
				C2F4711A23BB3315005D0FCB /* HealthyUITests */,
			);
		};
/* End PBXProject section */

/* Begin PBXResourcesBuildPhase section */
		C2F470F823BB3314005D0FCB /* Resources */ = {
			isa = PBXResourcesBuildPhase;
			buildActionMask = 2147483647;
			files = (
				C2B60B9A23C5503300F486F5 /* .swiftlint.yml in Resources */,
				C2F4710A23BB3314005D0FCB /* LaunchScreen.storyboard in Resources */,
				C2F4710723BB3314005D0FCB /* Assets.xcassets in Resources */,
				C2B60B9523C546B600F486F5 /* Localizable.strings in Resources */,
			);
			runOnlyForDeploymentPostprocessing = 0;
		};
		C2F4710E23BB3315005D0FCB /* Resources */ = {
			isa = PBXResourcesBuildPhase;
			buildActionMask = 2147483647;
			files = (
			);
			runOnlyForDeploymentPostprocessing = 0;
		};
		C2F4711923BB3315005D0FCB /* Resources */ = {
			isa = PBXResourcesBuildPhase;
			buildActionMask = 2147483647;
			files = (
			);
			runOnlyForDeploymentPostprocessing = 0;
		};
/* End PBXResourcesBuildPhase section */

/* Begin PBXShellScriptBuildPhase section */
		1BEED08314CED0F5781FF60C /* [CP] Embed Pods Frameworks */ = {
			isa = PBXShellScriptBuildPhase;
			buildActionMask = 2147483647;
			files = (
			);
			inputFileListPaths = (
				"${PODS_ROOT}/Target Support Files/Pods-Healthy-HealthyUITests/Pods-Healthy-HealthyUITests-frameworks-${CONFIGURATION}-input-files.xcfilelist",
			);
			name = "[CP] Embed Pods Frameworks";
			outputFileListPaths = (
				"${PODS_ROOT}/Target Support Files/Pods-Healthy-HealthyUITests/Pods-Healthy-HealthyUITests-frameworks-${CONFIGURATION}-output-files.xcfilelist",
			);
			runOnlyForDeploymentPostprocessing = 0;
			shellPath = /bin/sh;
			shellScript = "\"${PODS_ROOT}/Target Support Files/Pods-Healthy-HealthyUITests/Pods-Healthy-HealthyUITests-frameworks.sh\"\n";
			showEnvVarsInLog = 0;
		};
		2DA006FAB89E89B9E227CCA0 /* [CP] Check Pods Manifest.lock */ = {
			isa = PBXShellScriptBuildPhase;
			buildActionMask = 2147483647;
			files = (
			);
			inputFileListPaths = (
			);
			inputPaths = (
				"${PODS_PODFILE_DIR_PATH}/Podfile.lock",
				"${PODS_ROOT}/Manifest.lock",
			);
			name = "[CP] Check Pods Manifest.lock";
			outputFileListPaths = (
			);
			outputPaths = (
				"$(DERIVED_FILE_DIR)/Pods-Healthy-checkManifestLockResult.txt",
			);
			runOnlyForDeploymentPostprocessing = 0;
			shellPath = /bin/sh;
			shellScript = "diff \"${PODS_PODFILE_DIR_PATH}/Podfile.lock\" \"${PODS_ROOT}/Manifest.lock\" > /dev/null\nif [ $? != 0 ] ; then\n    # print error to STDERR\n    echo \"error: The sandbox is not in sync with the Podfile.lock. Run 'pod install' or update your CocoaPods installation.\" >&2\n    exit 1\nfi\n# This output is used by Xcode 'outputs' to avoid re-running this script phase.\necho \"SUCCESS\" > \"${SCRIPT_OUTPUT_FILE_0}\"\n";
			showEnvVarsInLog = 0;
		};
		AD69719C3B50947D2E193C84 /* [CP] Embed Pods Frameworks */ = {
			isa = PBXShellScriptBuildPhase;
			buildActionMask = 2147483647;
			files = (
			);
			inputFileListPaths = (
				"${PODS_ROOT}/Target Support Files/Pods-Healthy/Pods-Healthy-frameworks-${CONFIGURATION}-input-files.xcfilelist",
			);
			name = "[CP] Embed Pods Frameworks";
			outputFileListPaths = (
				"${PODS_ROOT}/Target Support Files/Pods-Healthy/Pods-Healthy-frameworks-${CONFIGURATION}-output-files.xcfilelist",
			);
			runOnlyForDeploymentPostprocessing = 0;
			shellPath = /bin/sh;
			shellScript = "\"${PODS_ROOT}/Target Support Files/Pods-Healthy/Pods-Healthy-frameworks.sh\"\n";
			showEnvVarsInLog = 0;
		};
		BF66A17FC2C05CD34BCE679E /* [CP] Check Pods Manifest.lock */ = {
			isa = PBXShellScriptBuildPhase;
			buildActionMask = 2147483647;
			files = (
			);
			inputFileListPaths = (
			);
			inputPaths = (
				"${PODS_PODFILE_DIR_PATH}/Podfile.lock",
				"${PODS_ROOT}/Manifest.lock",
			);
			name = "[CP] Check Pods Manifest.lock";
			outputFileListPaths = (
			);
			outputPaths = (
				"$(DERIVED_FILE_DIR)/Pods-Healthy-HealthyUITests-checkManifestLockResult.txt",
			);
			runOnlyForDeploymentPostprocessing = 0;
			shellPath = /bin/sh;
			shellScript = "diff \"${PODS_PODFILE_DIR_PATH}/Podfile.lock\" \"${PODS_ROOT}/Manifest.lock\" > /dev/null\nif [ $? != 0 ] ; then\n    # print error to STDERR\n    echo \"error: The sandbox is not in sync with the Podfile.lock. Run 'pod install' or update your CocoaPods installation.\" >&2\n    exit 1\nfi\n# This output is used by Xcode 'outputs' to avoid re-running this script phase.\necho \"SUCCESS\" > \"${SCRIPT_OUTPUT_FILE_0}\"\n";
			showEnvVarsInLog = 0;
		};
		C2B60B5C23C5282200F486F5 /* ShellScript */ = {
			isa = PBXShellScriptBuildPhase;
			buildActionMask = 2147483647;
			files = (
			);
			inputFileListPaths = (
			);
			inputPaths = (
			);
			outputFileListPaths = (
			);
			outputPaths = (
			);
			runOnlyForDeploymentPostprocessing = 0;
			shellPath = /bin/sh;
			shellScript = "# Type a script or drag a script file from your workspace to insert its path.\n\"$PODS_ROOT/SwiftGen/bin/swiftgen\"\n\"${PODS_ROOT}/SwiftLint/swiftlint\"\n";
		};
		DBBD33E2DD882F007AE57C41 /* [CP] Check Pods Manifest.lock */ = {
			isa = PBXShellScriptBuildPhase;
			buildActionMask = 2147483647;
			files = (
			);
			inputFileListPaths = (
			);
			inputPaths = (
				"${PODS_PODFILE_DIR_PATH}/Podfile.lock",
				"${PODS_ROOT}/Manifest.lock",
			);
			name = "[CP] Check Pods Manifest.lock";
			outputFileListPaths = (
			);
			outputPaths = (
				"$(DERIVED_FILE_DIR)/Pods-HealthyTests-checkManifestLockResult.txt",
			);
			runOnlyForDeploymentPostprocessing = 0;
			shellPath = /bin/sh;
			shellScript = "diff \"${PODS_PODFILE_DIR_PATH}/Podfile.lock\" \"${PODS_ROOT}/Manifest.lock\" > /dev/null\nif [ $? != 0 ] ; then\n    # print error to STDERR\n    echo \"error: The sandbox is not in sync with the Podfile.lock. Run 'pod install' or update your CocoaPods installation.\" >&2\n    exit 1\nfi\n# This output is used by Xcode 'outputs' to avoid re-running this script phase.\necho \"SUCCESS\" > \"${SCRIPT_OUTPUT_FILE_0}\"\n";
			showEnvVarsInLog = 0;
		};
		FBF4DBA1070BD6F341376DB1 /* [CP] Embed Pods Frameworks */ = {
			isa = PBXShellScriptBuildPhase;
			buildActionMask = 2147483647;
			files = (
			);
			inputFileListPaths = (
				"${PODS_ROOT}/Target Support Files/Pods-HealthyTests/Pods-HealthyTests-frameworks-${CONFIGURATION}-input-files.xcfilelist",
			);
			name = "[CP] Embed Pods Frameworks";
			outputFileListPaths = (
				"${PODS_ROOT}/Target Support Files/Pods-HealthyTests/Pods-HealthyTests-frameworks-${CONFIGURATION}-output-files.xcfilelist",
			);
			runOnlyForDeploymentPostprocessing = 0;
			shellPath = /bin/sh;
			shellScript = "\"${PODS_ROOT}/Target Support Files/Pods-HealthyTests/Pods-HealthyTests-frameworks.sh\"\n";
			showEnvVarsInLog = 0;
		};
/* End PBXShellScriptBuildPhase section */

/* Begin PBXSourcesBuildPhase section */
		C2F470F623BB3314005D0FCB /* Sources */ = {
			isa = PBXSourcesBuildPhase;
			buildActionMask = 2147483647;
			files = (
				C2F4749F23BB4C82005D0FCB /* JSON.swift in Sources */,
				C2F4748C23BB4A77005D0FCB /* ObservableType+AdditionalOperators.swift in Sources */,
				C2353E3A23BE80770018A613 /* AppDelegate.swift in Sources */,
				C2F474A123BB4CA4005D0FCB /* Routines.swift in Sources */,
				C2F4749023BB4AAB005D0FCB /* PrimitiveSequence+AdditionalOperators.swift in Sources */,
				C2F4747A23BB4991005D0FCB /* ModuleViewModel.swift in Sources */,
				C2F4748E23BB4A90005D0FCB /* ObservableType+Errors.swift in Sources */,
				C2834E6B23C255F3005227D7 /* PillsListViewModel.swift in Sources */,
				C2353E5123BF9C940018A613 /* SettingsViewController.swift in Sources */,
				C2353EB323C0DE670018A613 /* AppCoordinator.swift in Sources */,
				C2F4748123BB4A0A005D0FCB /* Date+Extensions.swift in Sources */,
				C2353E4D23BF9C710018A613 /* VisitsViewController.swift in Sources */,
				C2353E3823BE7DEE0018A613 /* UIViewController+Rx.swift in Sources */,
				C2353E6F23C0C1CD0018A613 /* PillsListViewController.swift in Sources */,
				C2353EB023C0D6E10018A613 /* SceneDelegate.swift in Sources */,
				C2F4748A23BB4A66005D0FCB /* Disposable+DisposedWith.swift in Sources */,
				C2353E6823BFA2C40018A613 /* MainTabBarViewController.swift in Sources */,
				C2353E5923BF9E1A0018A613 /* PillsListCoordinator.swift in Sources */,
				C2F4749223BB4AC3005D0FCB /* SharedSequence+AdditionalOperators.swift in Sources */,
				C2353E5323BF9DD50018A613 /* SettingsCoordinator.swift in Sources */,
				C2F4748523BB4A2E005D0FCB /* NSRecursiveLock+Extensions.swift in Sources */,
				C2F4747D23BB49B3005D0FCB /* ModuleView.swift in Sources */,
				C2353E6D23BFCC2E0018A613 /* MainCoordinator.swift in Sources */,
				C2353E5523BF9DEE0018A613 /* MeasurementsCoordinator.swift in Sources */,
				C2353DFC23BCE6200018A613 /* LayoutConstraints.swift in Sources */,
				C2F4749823BB4B62005D0FCB /* Router+Rx.swift in Sources */,
				C2B60B6123C530C000F486F5 /* assets.swift in Sources */,
				C2F4748323BB4A1A005D0FCB /* Dictionary+Extensions.swift in Sources */,
				C2B60B6023C530C000F486F5 /* strings.swift in Sources */,
				C2353E5723BF9DFF0018A613 /* VisitsCoordinator.swift in Sources */,
				C2353E4F23BF9C840018A613 /* MeasurementsViewController.swift in Sources */,
				C2F4749523BB4AF2005D0FCB /* Optional+Unwrap.swift in Sources */,
			);
			runOnlyForDeploymentPostprocessing = 0;
		};
		C2F4710C23BB3315005D0FCB /* Sources */ = {
			isa = PBXSourcesBuildPhase;
			buildActionMask = 2147483647;
			files = (
				C2F4711523BB3315005D0FCB /* HealthyTests.swift in Sources */,
			);
			runOnlyForDeploymentPostprocessing = 0;
		};
		C2F4711723BB3315005D0FCB /* Sources */ = {
			isa = PBXSourcesBuildPhase;
			buildActionMask = 2147483647;
			files = (
				C2F4712023BB3315005D0FCB /* HealthyUITests.swift in Sources */,
			);
			runOnlyForDeploymentPostprocessing = 0;
		};
/* End PBXSourcesBuildPhase section */

/* Begin PBXTargetDependency section */
		C2F4711223BB3315005D0FCB /* PBXTargetDependency */ = {
			isa = PBXTargetDependency;
			target = C2F470F923BB3314005D0FCB /* Healthy */;
			targetProxy = C2F4711123BB3315005D0FCB /* PBXContainerItemProxy */;
		};
		C2F4711D23BB3315005D0FCB /* PBXTargetDependency */ = {
			isa = PBXTargetDependency;
			target = C2F470F923BB3314005D0FCB /* Healthy */;
			targetProxy = C2F4711C23BB3315005D0FCB /* PBXContainerItemProxy */;
		};
/* End PBXTargetDependency section */

/* Begin PBXVariantGroup section */
		C2B60B9323C546B600F486F5 /* Localizable.strings */ = {
			isa = PBXVariantGroup;
			children = (
				C2B60B9423C546B600F486F5 /* Base */,
				C2B60B9623C546EA00F486F5 /* ru */,
			);
			name = Localizable.strings;
			sourceTree = "<group>";
		};
		C2F4710823BB3314005D0FCB /* LaunchScreen.storyboard */ = {
			isa = PBXVariantGroup;
			children = (
				C2B60B8823C544B600F486F5 /* Base */,
			);
			name = LaunchScreen.storyboard;
			sourceTree = "<group>";
		};
/* End PBXVariantGroup section */

/* Begin XCBuildConfiguration section */
		C2F4712223BB3315005D0FCB /* Debug */ = {
			isa = XCBuildConfiguration;
			buildSettings = {
				ALWAYS_SEARCH_USER_PATHS = NO;
				CLANG_ANALYZER_LOCALIZABILITY_NONLOCALIZED = YES;
				CLANG_ANALYZER_NONNULL = YES;
				CLANG_ANALYZER_NUMBER_OBJECT_CONVERSION = YES_AGGRESSIVE;
				CLANG_CXX_LANGUAGE_STANDARD = "gnu++14";
				CLANG_CXX_LIBRARY = "libc++";
				CLANG_ENABLE_MODULES = YES;
				CLANG_ENABLE_OBJC_ARC = YES;
				CLANG_ENABLE_OBJC_WEAK = YES;
				CLANG_WARN_BLOCK_CAPTURE_AUTORELEASING = YES;
				CLANG_WARN_BOOL_CONVERSION = YES;
				CLANG_WARN_COMMA = YES;
				CLANG_WARN_CONSTANT_CONVERSION = YES;
				CLANG_WARN_DEPRECATED_OBJC_IMPLEMENTATIONS = YES;
				CLANG_WARN_DIRECT_OBJC_ISA_USAGE = YES_ERROR;
				CLANG_WARN_DOCUMENTATION_COMMENTS = YES;
				CLANG_WARN_EMPTY_BODY = YES;
				CLANG_WARN_ENUM_CONVERSION = YES;
				CLANG_WARN_INFINITE_RECURSION = YES;
				CLANG_WARN_INT_CONVERSION = YES;
				CLANG_WARN_NON_LITERAL_NULL_CONVERSION = YES;
				CLANG_WARN_OBJC_IMPLICIT_RETAIN_SELF = YES;
				CLANG_WARN_OBJC_LITERAL_CONVERSION = YES;
				CLANG_WARN_OBJC_ROOT_CLASS = YES_ERROR;
				CLANG_WARN_RANGE_LOOP_ANALYSIS = YES;
				CLANG_WARN_STRICT_PROTOTYPES = YES;
				CLANG_WARN_SUSPICIOUS_MOVE = YES;
				CLANG_WARN_UNGUARDED_AVAILABILITY = YES_AGGRESSIVE;
				CLANG_WARN_UNREACHABLE_CODE = YES;
				CLANG_WARN__DUPLICATE_METHOD_MATCH = YES;
				COPY_PHASE_STRIP = NO;
				DEBUG_INFORMATION_FORMAT = dwarf;
				ENABLE_STRICT_OBJC_MSGSEND = YES;
				ENABLE_TESTABILITY = YES;
				GCC_C_LANGUAGE_STANDARD = gnu11;
				GCC_DYNAMIC_NO_PIC = NO;
				GCC_NO_COMMON_BLOCKS = YES;
				GCC_OPTIMIZATION_LEVEL = 0;
				GCC_PREPROCESSOR_DEFINITIONS = (
					"DEBUG=1",
					"$(inherited)",
				);
				GCC_WARN_64_TO_32_BIT_CONVERSION = YES;
				GCC_WARN_ABOUT_RETURN_TYPE = YES_ERROR;
				GCC_WARN_UNDECLARED_SELECTOR = YES;
				GCC_WARN_UNINITIALIZED_AUTOS = YES_AGGRESSIVE;
				GCC_WARN_UNUSED_FUNCTION = YES;
				GCC_WARN_UNUSED_VARIABLE = YES;
				IPHONEOS_DEPLOYMENT_TARGET = 11.0;
				MTL_ENABLE_DEBUG_INFO = INCLUDE_SOURCE;
				MTL_FAST_MATH = YES;
				ONLY_ACTIVE_ARCH = YES;
				SDKROOT = iphoneos;
				SWIFT_ACTIVE_COMPILATION_CONDITIONS = DEBUG;
				SWIFT_OPTIMIZATION_LEVEL = "-Onone";
			};
			name = Debug;
		};
		C2F4712323BB3315005D0FCB /* Release */ = {
			isa = XCBuildConfiguration;
			buildSettings = {
				ALWAYS_SEARCH_USER_PATHS = NO;
				CLANG_ANALYZER_LOCALIZABILITY_NONLOCALIZED = YES;
				CLANG_ANALYZER_NONNULL = YES;
				CLANG_ANALYZER_NUMBER_OBJECT_CONVERSION = YES_AGGRESSIVE;
				CLANG_CXX_LANGUAGE_STANDARD = "gnu++14";
				CLANG_CXX_LIBRARY = "libc++";
				CLANG_ENABLE_MODULES = YES;
				CLANG_ENABLE_OBJC_ARC = YES;
				CLANG_ENABLE_OBJC_WEAK = YES;
				CLANG_WARN_BLOCK_CAPTURE_AUTORELEASING = YES;
				CLANG_WARN_BOOL_CONVERSION = YES;
				CLANG_WARN_COMMA = YES;
				CLANG_WARN_CONSTANT_CONVERSION = YES;
				CLANG_WARN_DEPRECATED_OBJC_IMPLEMENTATIONS = YES;
				CLANG_WARN_DIRECT_OBJC_ISA_USAGE = YES_ERROR;
				CLANG_WARN_DOCUMENTATION_COMMENTS = YES;
				CLANG_WARN_EMPTY_BODY = YES;
				CLANG_WARN_ENUM_CONVERSION = YES;
				CLANG_WARN_INFINITE_RECURSION = YES;
				CLANG_WARN_INT_CONVERSION = YES;
				CLANG_WARN_NON_LITERAL_NULL_CONVERSION = YES;
				CLANG_WARN_OBJC_IMPLICIT_RETAIN_SELF = YES;
				CLANG_WARN_OBJC_LITERAL_CONVERSION = YES;
				CLANG_WARN_OBJC_ROOT_CLASS = YES_ERROR;
				CLANG_WARN_RANGE_LOOP_ANALYSIS = YES;
				CLANG_WARN_STRICT_PROTOTYPES = YES;
				CLANG_WARN_SUSPICIOUS_MOVE = YES;
				CLANG_WARN_UNGUARDED_AVAILABILITY = YES_AGGRESSIVE;
				CLANG_WARN_UNREACHABLE_CODE = YES;
				CLANG_WARN__DUPLICATE_METHOD_MATCH = YES;
				COPY_PHASE_STRIP = NO;
				DEBUG_INFORMATION_FORMAT = "dwarf-with-dsym";
				ENABLE_NS_ASSERTIONS = NO;
				ENABLE_STRICT_OBJC_MSGSEND = YES;
				GCC_C_LANGUAGE_STANDARD = gnu11;
				GCC_NO_COMMON_BLOCKS = YES;
				GCC_WARN_64_TO_32_BIT_CONVERSION = YES;
				GCC_WARN_ABOUT_RETURN_TYPE = YES_ERROR;
				GCC_WARN_UNDECLARED_SELECTOR = YES;
				GCC_WARN_UNINITIALIZED_AUTOS = YES_AGGRESSIVE;
				GCC_WARN_UNUSED_FUNCTION = YES;
				GCC_WARN_UNUSED_VARIABLE = YES;
				IPHONEOS_DEPLOYMENT_TARGET = 11.0;
				MTL_ENABLE_DEBUG_INFO = NO;
				MTL_FAST_MATH = YES;
				SDKROOT = iphoneos;
				SWIFT_COMPILATION_MODE = wholemodule;
				SWIFT_OPTIMIZATION_LEVEL = "-O";
				VALIDATE_PRODUCT = YES;
			};
			name = Release;
		};
		C2F4712523BB3315005D0FCB /* Debug */ = {
			isa = XCBuildConfiguration;
			baseConfigurationReference = 9481B1FCBE89411C49F3D7EA /* Pods-Healthy.debug.xcconfig */;
			buildSettings = {
				ASSETCATALOG_COMPILER_APPICON_NAME = AppIcon;
				CLANG_ENABLE_MODULES = YES;
				CODE_SIGN_STYLE = Automatic;
				DEVELOPMENT_TEAM = RY9566GKUQ;
				INFOPLIST_FILE = "$(SRCROOT)/Healthy/Supporting Files/Info.plist";
				IPHONEOS_DEPLOYMENT_TARGET = 11.0;
				LD_RUNPATH_SEARCH_PATHS = (
					"$(inherited)",
					"@executable_path/Frameworks",
				);
				PRODUCT_BUNDLE_IDENTIFIER = rtx.Healthy;
				PRODUCT_NAME = "$(TARGET_NAME)";
				SWIFT_OPTIMIZATION_LEVEL = "-Onone";
				SWIFT_VERSION = 5.0;
				TARGETED_DEVICE_FAMILY = 1;
			};
			name = Debug;
		};
		C2F4712623BB3315005D0FCB /* Release */ = {
			isa = XCBuildConfiguration;
			baseConfigurationReference = BAF9DACDB607D9AB895BA11E /* Pods-Healthy.release.xcconfig */;
			buildSettings = {
				ASSETCATALOG_COMPILER_APPICON_NAME = AppIcon;
				CLANG_ENABLE_MODULES = YES;
				CODE_SIGN_STYLE = Automatic;
				DEVELOPMENT_TEAM = RY9566GKUQ;
				INFOPLIST_FILE = "$(SRCROOT)/Healthy/Supporting Files/Info.plist";
				IPHONEOS_DEPLOYMENT_TARGET = 11.0;
				LD_RUNPATH_SEARCH_PATHS = (
					"$(inherited)",
					"@executable_path/Frameworks",
				);
				PRODUCT_BUNDLE_IDENTIFIER = rtx.Healthy;
				PRODUCT_NAME = "$(TARGET_NAME)";
				SWIFT_VERSION = 5.0;
				TARGETED_DEVICE_FAMILY = 1;
			};
			name = Release;
		};
		C2F4712823BB3315005D0FCB /* Debug */ = {
			isa = XCBuildConfiguration;
			baseConfigurationReference = A6EA3FCB0DBCB88FF8A42DB5 /* Pods-HealthyTests.debug.xcconfig */;
			buildSettings = {
				ALWAYS_EMBED_SWIFT_STANDARD_LIBRARIES = YES;
				BUNDLE_LOADER = "$(TEST_HOST)";
				CODE_SIGN_STYLE = Automatic;
				DEVELOPMENT_TEAM = RY9566GKUQ;
				INFOPLIST_FILE = HealthyTests/Info.plist;
				IPHONEOS_DEPLOYMENT_TARGET = 13.2;
				LD_RUNPATH_SEARCH_PATHS = (
					"$(inherited)",
					"@executable_path/Frameworks",
					"@loader_path/Frameworks",
				);
				PRODUCT_BUNDLE_IDENTIFIER = rtx.HealthyTests;
				PRODUCT_NAME = "$(TARGET_NAME)";
				SWIFT_VERSION = 5.0;
				TARGETED_DEVICE_FAMILY = "1,2";
				TEST_HOST = "$(BUILT_PRODUCTS_DIR)/Healthy.app/Healthy";
			};
			name = Debug;
		};
		C2F4712923BB3315005D0FCB /* Release */ = {
			isa = XCBuildConfiguration;
			baseConfigurationReference = D56B2CADE8E7C7843A4D3C75 /* Pods-HealthyTests.release.xcconfig */;
			buildSettings = {
				ALWAYS_EMBED_SWIFT_STANDARD_LIBRARIES = YES;
				BUNDLE_LOADER = "$(TEST_HOST)";
				CODE_SIGN_STYLE = Automatic;
				DEVELOPMENT_TEAM = RY9566GKUQ;
				INFOPLIST_FILE = HealthyTests/Info.plist;
				IPHONEOS_DEPLOYMENT_TARGET = 13.2;
				LD_RUNPATH_SEARCH_PATHS = (
					"$(inherited)",
					"@executable_path/Frameworks",
					"@loader_path/Frameworks",
				);
				PRODUCT_BUNDLE_IDENTIFIER = rtx.HealthyTests;
				PRODUCT_NAME = "$(TARGET_NAME)";
				SWIFT_VERSION = 5.0;
				TARGETED_DEVICE_FAMILY = "1,2";
				TEST_HOST = "$(BUILT_PRODUCTS_DIR)/Healthy.app/Healthy";
			};
			name = Release;
		};
		C2F4712B23BB3315005D0FCB /* Debug */ = {
			isa = XCBuildConfiguration;
			baseConfigurationReference = E0429E23E55BE4558AA4F9C2 /* Pods-Healthy-HealthyUITests.debug.xcconfig */;
			buildSettings = {
				ALWAYS_EMBED_SWIFT_STANDARD_LIBRARIES = YES;
				CODE_SIGN_STYLE = Automatic;
				DEVELOPMENT_TEAM = RY9566GKUQ;
				INFOPLIST_FILE = HealthyUITests/Info.plist;
				LD_RUNPATH_SEARCH_PATHS = (
					"$(inherited)",
					"@executable_path/Frameworks",
					"@loader_path/Frameworks",
				);
				PRODUCT_BUNDLE_IDENTIFIER = rtx.HealthyUITests;
				PRODUCT_NAME = "$(TARGET_NAME)";
				SWIFT_VERSION = 5.0;
				TARGETED_DEVICE_FAMILY = "1,2";
				TEST_TARGET_NAME = Healthy;
			};
			name = Debug;
		};
		C2F4712C23BB3315005D0FCB /* Release */ = {
			isa = XCBuildConfiguration;
			baseConfigurationReference = 9ED2718238E91E363B24DF5D /* Pods-Healthy-HealthyUITests.release.xcconfig */;
			buildSettings = {
				ALWAYS_EMBED_SWIFT_STANDARD_LIBRARIES = YES;
				CODE_SIGN_STYLE = Automatic;
				DEVELOPMENT_TEAM = RY9566GKUQ;
				INFOPLIST_FILE = HealthyUITests/Info.plist;
				LD_RUNPATH_SEARCH_PATHS = (
					"$(inherited)",
					"@executable_path/Frameworks",
					"@loader_path/Frameworks",
				);
				PRODUCT_BUNDLE_IDENTIFIER = rtx.HealthyUITests;
				PRODUCT_NAME = "$(TARGET_NAME)";
				SWIFT_VERSION = 5.0;
				TARGETED_DEVICE_FAMILY = "1,2";
				TEST_TARGET_NAME = Healthy;
			};
			name = Release;
		};
/* End XCBuildConfiguration section */

/* Begin XCConfigurationList section */
		C2F470F523BB3314005D0FCB /* Build configuration list for PBXProject "Healthy" */ = {
			isa = XCConfigurationList;
			buildConfigurations = (
				C2F4712223BB3315005D0FCB /* Debug */,
				C2F4712323BB3315005D0FCB /* Release */,
			);
			defaultConfigurationIsVisible = 0;
			defaultConfigurationName = Release;
		};
		C2F4712423BB3315005D0FCB /* Build configuration list for PBXNativeTarget "Healthy" */ = {
			isa = XCConfigurationList;
			buildConfigurations = (
				C2F4712523BB3315005D0FCB /* Debug */,
				C2F4712623BB3315005D0FCB /* Release */,
			);
			defaultConfigurationIsVisible = 0;
			defaultConfigurationName = Release;
		};
		C2F4712723BB3315005D0FCB /* Build configuration list for PBXNativeTarget "HealthyTests" */ = {
			isa = XCConfigurationList;
			buildConfigurations = (
				C2F4712823BB3315005D0FCB /* Debug */,
				C2F4712923BB3315005D0FCB /* Release */,
			);
			defaultConfigurationIsVisible = 0;
			defaultConfigurationName = Release;
		};
		C2F4712A23BB3315005D0FCB /* Build configuration list for PBXNativeTarget "HealthyUITests" */ = {
			isa = XCConfigurationList;
			buildConfigurations = (
				C2F4712B23BB3315005D0FCB /* Debug */,
				C2F4712C23BB3315005D0FCB /* Release */,
			);
			defaultConfigurationIsVisible = 0;
			defaultConfigurationName = Release;
		};
/* End XCConfigurationList section */
	};
	rootObject = C2F470F223BB3314005D0FCB /* Project object */;
}
